
Microsoft Visual Studio Solution File, Format Version 12.00
# Visual Studio Version 16
VisualStudioVersion = 16.0.32002.261
MinimumVisualStudioVersion = 10.0.40219.1
Project("{FAE04EC0-301F-11D3-BF4B-00C04F79EFBC}") = "Adventure", "Adventure\Adventure.csproj", "{3A19E2EE-991D-4D6D-8D71-D264FF6F27F5}"
EndProject
Project("{FAE04EC0-301F-11D3-BF4B-00C04F79EFBC}") = "engine", "engine\engine.csproj", "{DD97794F-719E-4076-B410-97A76D3BC428}"
EndProject
Global
	GlobalSection(SolutionConfigurationPlatforms) = preSolution
		Debug|Any CPU = Debug|Any CPU
		Release|Any CPU = Release|Any CPU
	EndGlobalSection
	GlobalSection(ProjectConfigurationPlatforms) = postSolution
		{3A19E2EE-991D-4D6D-8D71-D264FF6F27F5}.Debug|Any CPU.ActiveCfg = Debug|Any CPU
		{3A19E2EE-991D-4D6D-8D71-D264FF6F27F5}.Debug|Any CPU.Build.0 = Debug|Any CPU
		{3A19E2EE-991D-4D6D-8D71-D264FF6F27F5}.Release|Any CPU.ActiveCfg = Release|Any CPU
		{3A19E2EE-991D-4D6D-8D71-D264FF6F27F5}.Release|Any CPU.Build.0 = Release|Any CPU
		{DD97794F-719E-4076-B410-97A76D3BC428}.Debug|Any CPU.ActiveCfg = Debug|Any CPU
		{DD97794F-719E-4076-B410-97A76D3BC428}.Debug|Any CPU.Build.0 = Debug|Any CPU
		{DD97794F-719E-4076-B410-97A76D3BC428}.Release|Any CPU.ActiveCfg = Release|Any CPU
		{DD97794F-719E-4076-B410-97A76D3BC428}.Release|Any CPU.Build.0 = Release|Any CPU
	EndGlobalSection
	GlobalSection(SolutionProperties) = preSolution
		HideSolutionNode = FALSE
	EndGlobalSection
	GlobalSection(ExtensibilityGlobals) = postSolution
		SolutionGuid = {152B38D0-62E8-4230-810F-7CEE9B9D0E66}
	EndGlobalSection
EndGlobal
